{
  "name": "nodejs-on-lambda",
  "version": "1.0.0",
  "lockfileVersion": 1,
  "requires": true,
  "dependencies": {
    "@aws-sdk/abort-controller": {
      "version": "0.1.0-preview.1",
      "resolved": "https://registry.npmjs.org/@aws-sdk/abort-controller/-/abort-controller-0.1.0-preview.1.tgz",
      "integrity": "sha512-NCguuJfX+FUTZjwgJji7Sb6TrRKdQ5wGQJrzIa0+4fIOqnrdK1r0YH4NZaeOwXp7SZfnJgWZxO3FyCrjnm14gg==",
      "requires": {
        "@aws-sdk/types": "^0.1.0-preview.1",
        "tslib": "^1.8.0"
      }
    },
    "@aws-sdk/client-dynamodb-v2-node": {
      "version": "0.1.0-preview.2",
      "resolved": "https://registry.npmjs.org/@aws-sdk/client-dynamodb-v2-node/-/client-dynamodb-v2-node-0.1.0-preview.2.tgz",
      "integrity": "sha512-aj9JhRMh8Ro5u3CidZKT9ymHDsR1HhXaClKAVejxRPpOJrlyxfNprCT9uf1kxE5q/cAQn5T94394n2GKZEtOQA==",
      "requires": {
        "@aws-sdk/config-resolver": "^0.1.0-preview.1",
        "@aws-sdk/core-handler": "^0.1.0-preview.1",
        "@aws-sdk/credential-provider-node": "^0.1.0-preview.2",
        "@aws-sdk/hash-node": "^0.1.0-preview.1",
        "@aws-sdk/json-builder": "^0.1.0-preview.1",
        "@aws-sdk/json-error-unmarshaller": "^0.1.0-preview.2",
        "@aws-sdk/json-parser": "^0.1.0-preview.1",
        "@aws-sdk/middleware-content-length": "^0.1.0-preview.1",
        "@aws-sdk/middleware-header-default": "^0.1.0-preview.1",
        "@aws-sdk/middleware-serializer": "^0.1.0-preview.1",
        "@aws-sdk/middleware-stack": "^0.1.0-preview.2",
        "@aws-sdk/node-http-handler": "^0.1.0-preview.2",
        "@aws-sdk/protocol-json-rpc": "^0.1.0-preview.2",
        "@aws-sdk/region-provider": "^0.1.0-preview.1",
        "@aws-sdk/retry-middleware": "^0.1.0-preview.1",
        "@aws-sdk/signature-v4": "^0.1.0-preview.2",
        "@aws-sdk/signing-middleware": "^0.1.0-preview.2",
        "@aws-sdk/stream-collector-node": "^0.1.0-preview.1",
        "@aws-sdk/types": "^0.1.0-preview.1",
        "@aws-sdk/url-parser-node": "^0.1.0-preview.1",
        "@aws-sdk/util-base64-node": "^0.1.0-preview.1",
        "@aws-sdk/util-body-length-node": "^0.1.0-preview.2",
        "@aws-sdk/util-user-agent-node": "^0.1.0-preview.2",
        "@aws-sdk/util-utf8-node": "^0.1.0-preview.1",
        "tslib": "^1.8.0"
      }
    },
    "@aws-sdk/config-resolver": {
      "version": "0.1.0-preview.1",
      "resolved": "https://registry.npmjs.org/@aws-sdk/config-resolver/-/config-resolver-0.1.0-preview.1.tgz",
      "integrity": "sha512-8/M/PrLOii4A78jLlAvX3JBomD9U3OcBFdw9PMc7ONSQtqXz0+0qI9hN8J1IS97j85kx1uqXRx19ExDFJyWZ3g==",
      "requires": {
        "@aws-sdk/types": "^0.1.0-preview.1",
        "tslib": "^1.8.0"
      }
    },
    "@aws-sdk/core-handler": {
      "version": "0.1.0-preview.1",
      "resolved": "https://registry.npmjs.org/@aws-sdk/core-handler/-/core-handler-0.1.0-preview.1.tgz",
      "integrity": "sha512-hZ23NOR309R+JeOxv2RmvJZID+6ewWFswF97pjMj8utlkbiOw5C2bhh7NCuCf8tT5CRypgiILb+r1oLFw8mx+w==",
      "requires": {
        "@aws-sdk/types": "^0.1.0-preview.1",
        "tslib": "^1.8.0"
      }
    },
    "@aws-sdk/credential-provider-env": {
      "version": "0.1.0-preview.2",
      "resolved": "https://registry.npmjs.org/@aws-sdk/credential-provider-env/-/credential-provider-env-0.1.0-preview.2.tgz",
      "integrity": "sha512-Idb4/8tueVFTjf7fALWK3r7Q5az85uUwNwrpkwymcrlieqhIQ2opbps1OPZWHOr2LowJlmY1yw4UgF+O4zIwdw==",
      "requires": {
        "@aws-sdk/property-provider": "^0.1.0-preview.1",
        "@aws-sdk/protocol-timestamp": "^0.1.0-preview.1",
        "@aws-sdk/types": "^0.1.0-preview.1",
        "tslib": "^1.8.0"
      }
    },
    "@aws-sdk/credential-provider-imds": {
      "version": "0.1.0-preview.1",
      "resolved": "https://registry.npmjs.org/@aws-sdk/credential-provider-imds/-/credential-provider-imds-0.1.0-preview.1.tgz",
      "integrity": "sha512-RrXg57b4xCmRT1zHcOiWfXBH2eQXCrZ2Jn5LenizxyrLTiZn3L91inq5Aavhe7rypxmZRVmB4s4g/2aW6TTlLw==",
      "requires": {
        "@aws-sdk/property-provider": "^0.1.0-preview.1",
        "@aws-sdk/types": "^0.1.0-preview.1",
        "tslib": "^1.8.0"
      }
    },
    "@aws-sdk/credential-provider-ini": {
      "version": "0.1.0-preview.1",
      "resolved": "https://registry.npmjs.org/@aws-sdk/credential-provider-ini/-/credential-provider-ini-0.1.0-preview.1.tgz",
      "integrity": "sha512-tumMpxYiL7HIlGV4r0lYIGirLxtMaSi3MWsy7woCsV5VJ4iw665Ci8OAHZEicUrKMUH4mEYzwxcPwef3d2k0mg==",
      "requires": {
        "@aws-sdk/property-provider": "^0.1.0-preview.1",
        "@aws-sdk/shared-ini-file-loader": "^0.1.0-preview.1",
        "@aws-sdk/types": "^0.1.0-preview.1",
        "tslib": "^1.8.0"
      }
    },
    "@aws-sdk/credential-provider-node": {
      "version": "0.1.0-preview.2",
      "resolved": "https://registry.npmjs.org/@aws-sdk/credential-provider-node/-/credential-provider-node-0.1.0-preview.2.tgz",
      "integrity": "sha512-jALW5xN2/d4Z5qJyhBN4CLRobwW6Em9Nt/8VKOQdfqvvuXrT6yfjBp/Hs38os0+7j2aG9sBmU8zZipEVXdiDbg==",
      "requires": {
        "@aws-sdk/credential-provider-env": "^0.1.0-preview.2",
        "@aws-sdk/credential-provider-imds": "^0.1.0-preview.1",
        "@aws-sdk/credential-provider-ini": "^0.1.0-preview.1",
        "@aws-sdk/property-provider": "^0.1.0-preview.1",
        "@aws-sdk/types": "^0.1.0-preview.1",
        "tslib": "^1.8.0"
      }
    },
    "@aws-sdk/hash-node": {
      "version": "0.1.0-preview.1",
      "resolved": "https://registry.npmjs.org/@aws-sdk/hash-node/-/hash-node-0.1.0-preview.1.tgz",
      "integrity": "sha512-wMOhgdPabc+4dzqGqPAYO41l+KkNWGhwbJIDBVTbHF9orwWo283T1YCBsVsLyunG5i/mdWklcXLs9V4P7ocNHw==",
      "requires": {
        "@aws-sdk/types": "^0.1.0-preview.1",
        "@aws-sdk/util-buffer-from": "^0.1.0-preview.1",
        "tslib": "^1.8.0"
      }
    },
    "@aws-sdk/is-array-buffer": {
      "version": "0.1.0-preview.1",
      "resolved": "https://registry.npmjs.org/@aws-sdk/is-array-buffer/-/is-array-buffer-0.1.0-preview.1.tgz",
      "integrity": "sha512-9Qrr9w6sNX19N0eO7JBYjp86OPcOyjDPe580L5ISDKo7XfuzK20IC2TeGTZ77okhRTsm8rF5UgP9scBu59jwoA==",
      "requires": {
        "tslib": "^1.8.0"
      }
    },
    "@aws-sdk/is-iterable": {
      "version": "0.1.0-preview.1",
      "resolved": "https://registry.npmjs.org/@aws-sdk/is-iterable/-/is-iterable-0.1.0-preview.1.tgz",
      "integrity": "sha512-KtszSEDsnkNdeudTPk6YCEoICrrlnn9JpGVvHZQVI3kSKOp9XXdzkU9fsVOa0VBSYG8IyiPsSOwHUK3Y9Riajw==",
      "requires": {
        "tslib": "^1.8.0"
      }
    },
    "@aws-sdk/json-builder": {
      "version": "0.1.0-preview.1",
      "resolved": "https://registry.npmjs.org/@aws-sdk/json-builder/-/json-builder-0.1.0-preview.1.tgz",
      "integrity": "sha512-Q0rcF8xJOhXam6iiWvXrluDAz9djyDWQ3OWz0pAAc/5r8ONoLuBtwD8/H6Lhybqnstg4v4JbbdFRidZyOQ98EA==",
      "requires": {
        "@aws-sdk/is-array-buffer": "^0.1.0-preview.1",
        "@aws-sdk/is-iterable": "^0.1.0-preview.1",
        "@aws-sdk/protocol-timestamp": "^0.1.0-preview.1",
        "@aws-sdk/types": "^0.1.0-preview.1",
        "tslib": "^1.8.0"
      }
    },
    "@aws-sdk/json-error-unmarshaller": {
      "version": "0.1.0-preview.2",
      "resolved": "https://registry.npmjs.org/@aws-sdk/json-error-unmarshaller/-/json-error-unmarshaller-0.1.0-preview.2.tgz",
      "integrity": "sha512-2OrS+WdShtT72WgqAf+LP2SylDZ064r72i0ekECl/0AAim2Pcf9Y5GuI+LHickJRIr6m/iq9GhUFGHoO7Idbvw==",
      "requires": {
        "@aws-sdk/response-metadata-extractor": "^0.1.0-preview.2",
        "@aws-sdk/types": "^0.1.0-preview.1",
        "@aws-sdk/util-error-constructor": "^0.1.0-preview.1"
      }
    },
    "@aws-sdk/json-parser": {
      "version": "0.1.0-preview.1",
      "resolved": "https://registry.npmjs.org/@aws-sdk/json-parser/-/json-parser-0.1.0-preview.1.tgz",
      "integrity": "sha512-TKJJ3bNxd6yjod2t2VJDkWF9s3tFz+4VU+BzINiY24EcpwWnT4PL7bDeg7iOSODbA59LeOo2WqGrFUFuIYIO1w==",
      "requires": {
        "@aws-sdk/protocol-timestamp": "^0.1.0-preview.1",
        "@aws-sdk/types": "^0.1.0-preview.1",
        "tslib": "^1.8.0"
      }
    },
    "@aws-sdk/middleware-content-length": {
      "version": "0.1.0-preview.1",
      "resolved": "https://registry.npmjs.org/@aws-sdk/middleware-content-length/-/middleware-content-length-0.1.0-preview.1.tgz",
      "integrity": "sha512-dcA5/yVMCYXSmXw0XOmF9iNMQaMkwvRTG8MxPsVb9Xa3YRT8X8VNmnT+MdYQXqZxvYtRNiPjNDX/kIR1+f7NXQ==",
      "requires": {
        "@aws-sdk/types": "^0.1.0-preview.1",
        "tslib": "^1.8.0"
      }
    },
    "@aws-sdk/middleware-header-default": {
      "version": "0.1.0-preview.1",
      "resolved": "https://registry.npmjs.org/@aws-sdk/middleware-header-default/-/middleware-header-default-0.1.0-preview.1.tgz",
      "integrity": "sha512-cvaTotjjr9NHZuQj5zMgVKDDYbDeA3pPYCIWmf7Qg77ua6cHXzBSVX4qGZ9dat2CVcclo9m4n+ia7VHytYM6eA==",
      "requires": {
        "@aws-sdk/types": "^0.1.0-preview.1",
        "tslib": "^1.8.0"
      }
    },
    "@aws-sdk/middleware-serializer": {
      "version": "0.1.0-preview.1",
      "resolved": "https://registry.npmjs.org/@aws-sdk/middleware-serializer/-/middleware-serializer-0.1.0-preview.1.tgz",
      "integrity": "sha512-F8PmxcGDxc+BXIFp4NfH0BJj0qSXQT+IOM/mXZ2NAPLuLQ//3k/a7SlDHCbN/d9pwlOCOmgLerstpGdfCamH5A==",
      "requires": {
        "@aws-sdk/types": "^0.1.0-preview.1",
        "tslib": "^1.8.0"
      }
    },
    "@aws-sdk/middleware-stack": {
      "version": "0.1.0-preview.2",
      "resolved": "https://registry.npmjs.org/@aws-sdk/middleware-stack/-/middleware-stack-0.1.0-preview.2.tgz",
      "integrity": "sha512-hY6yIiY6R9DQgcPKer0E6rKk94HrXELLouWB5OC0WplvGwjgNUYh7eW9Q7hNwtxlOro6mHvAmrKUdJrAHC2HRA==",
      "requires": {
        "@aws-sdk/types": "^0.1.0-preview.1",
        "tslib": "^1.8.0"
      }
    },
    "@aws-sdk/node-http-handler": {
      "version": "0.1.0-preview.2",
      "resolved": "https://registry.npmjs.org/@aws-sdk/node-http-handler/-/node-http-handler-0.1.0-preview.2.tgz",
      "integrity": "sha512-StijxqEoCY/YZXdrFcaqQQmCFvjnd70+7Zs73aASDZL66TPqZ1u8QlFtE61wJ+pBpjoEyViSf/zJpgX8usm1MQ==",
      "requires": {
        "@aws-sdk/abort-controller": "^0.1.0-preview.1",
        "@aws-sdk/querystring-builder": "^0.1.0-preview.1",
        "@aws-sdk/types": "^0.1.0-preview.1",
        "tslib": "^1.8.0"
      }
    },
    "@aws-sdk/property-provider": {
      "version": "0.1.0-preview.1",
      "resolved": "https://registry.npmjs.org/@aws-sdk/property-provider/-/property-provider-0.1.0-preview.1.tgz",
      "integrity": "sha512-vEN4rqhOqw9XHaFNtwSG+Zqw8r8DGeqhDICqdwZk+NJKyP1+01UpZCMhCJw62kWmQwqfYqMYKVx7yENeDwT2ew==",
      "requires": {
        "@aws-sdk/types": "^0.1.0-preview.1",
        "tslib": "^1.8.0"
      }
    },
    "@aws-sdk/protocol-json-rpc": {
      "version": "0.1.0-preview.2",
      "resolved": "https://registry.npmjs.org/@aws-sdk/protocol-json-rpc/-/protocol-json-rpc-0.1.0-preview.2.tgz",
      "integrity": "sha512-Ge/l/QhCh1hlDzYv+g4AK7EYQvMZIN4Oyn79uT5/dCYlJ01PpF2YfI+3PVpacTg7jeb5NoipreHo42EOqPYMUw==",
      "requires": {
        "@aws-sdk/is-array-buffer": "^0.1.0-preview.1",
        "@aws-sdk/response-metadata-extractor": "^0.1.0-preview.2",
        "@aws-sdk/types": "^0.1.0-preview.1",
        "@aws-sdk/util-error-constructor": "^0.1.0-preview.1",
        "tslib": "^1.8.0"
      }
    },
    "@aws-sdk/protocol-timestamp": {
      "version": "0.1.0-preview.1",
      "resolved": "https://registry.npmjs.org/@aws-sdk/protocol-timestamp/-/protocol-timestamp-0.1.0-preview.1.tgz",
      "integrity": "sha512-3OmEy06P65ySk01mZ6qo5pyfD+l9oOMEegnEA6SXRjRDT8W3bpHqTwqE7A+LQHC78rYueB50JZaaX9/nXHmSOg==",
      "requires": {
        "@aws-sdk/types": "^0.1.0-preview.1",
        "tslib": "^1.8.0"
      }
    },
    "@aws-sdk/querystring-builder": {
      "version": "0.1.0-preview.1",
      "resolved": "https://registry.npmjs.org/@aws-sdk/querystring-builder/-/querystring-builder-0.1.0-preview.1.tgz",
      "integrity": "sha512-GlVBM0+Ob/iOBnbtc7Gfv7C3Ty5OZ3a4enKZDiwNnGALjwTsqEV2uNtCVLv/ZDzy+ytNqmVgNEeRg8Q278IblQ==",
      "requires": {
        "@aws-sdk/types": "^0.1.0-preview.1",
        "@aws-sdk/util-uri-escape": "^0.1.0-preview.1",
        "tslib": "^1.8.0"
      }
    },
    "@aws-sdk/querystring-parser": {
      "version": "0.1.0-preview.1",
      "resolved": "https://registry.npmjs.org/@aws-sdk/querystring-parser/-/querystring-parser-0.1.0-preview.1.tgz",
      "integrity": "sha512-w0fKqSBQHR4u0Rdatr3i5pjCHtnLcCOX/s5lbVR34i8HDo4CIbAjSJXo5NPN/YvzkpAxBE3cTXi0vVk9iR1tjw==",
      "requires": {
        "@aws-sdk/types": "^0.1.0-preview.1",
        "tslib": "^1.8.0"
      }
    },
    "@aws-sdk/region-provider": {
      "version": "0.1.0-preview.1",
      "resolved": "https://registry.npmjs.org/@aws-sdk/region-provider/-/region-provider-0.1.0-preview.1.tgz",
      "integrity": "sha512-Tgj5PifcIJCVl7fmucG6LM11AC5ZdJ9JwBMhyeLF3J58pP4FXmIHUwp1L01EZInP6XCPXL4N0rtBXc7mm599hg==",
      "requires": {
        "@aws-sdk/property-provider": "^0.1.0-preview.1",
        "@aws-sdk/shared-ini-file-loader": "^0.1.0-preview.1",
        "@aws-sdk/types": "^0.1.0-preview.1",
        "tslib": "^1.8.0"
      }
    },
    "@aws-sdk/response-metadata-extractor": {
      "version": "0.1.0-preview.2",
      "resolved": "https://registry.npmjs.org/@aws-sdk/response-metadata-extractor/-/response-metadata-extractor-0.1.0-preview.2.tgz",
      "integrity": "sha512-+LiNxP3IYSr9U01JqJ3OdhEbqqp7VEs7r31lH/uavguqeXxrCnBOssN1CHmmQVs5cZvgIZjMdxTiod7lgDdfbQ==",
      "requires": {
        "@aws-sdk/types": "^0.1.0-preview.1",
        "tslib": "^1.8.0"
      }
    },
    "@aws-sdk/retry-middleware": {
      "version": "0.1.0-preview.1",
      "resolved": "https://registry.npmjs.org/@aws-sdk/retry-middleware/-/retry-middleware-0.1.0-preview.1.tgz",
      "integrity": "sha512-DL8cq+X7Tzf0uUd4HAkHeeP8gcNmNVIRHKD77ndt7BLSKFcdnWatrYY4jFAIrmMXyO+ZXoBXZjbxRah8JO+V9g==",
      "requires": {
        "@aws-sdk/service-error-classification": "^0.1.0-preview.1",
        "@aws-sdk/types": "^0.1.0-preview.1",
        "tslib": "^1.8.0"
      }
    },
    "@aws-sdk/service-error-classification": {
      "version": "0.1.0-preview.1",
      "resolved": "https://registry.npmjs.org/@aws-sdk/service-error-classification/-/service-error-classification-0.1.0-preview.1.tgz",
      "integrity": "sha512-GGE2bsPjXUtcUHCm4+HgGEqBNYOKeNa3J5YP+68o5M+HwQO1GVjzY8V9boZZdtSZSbXZo4957pjo1Bu/GGAV5w=="
    },
    "@aws-sdk/shared-ini-file-loader": {
      "version": "0.1.0-preview.1",
      "resolved": "https://registry.npmjs.org/@aws-sdk/shared-ini-file-loader/-/shared-ini-file-loader-0.1.0-preview.1.tgz",
      "integrity": "sha512-iPglaZZt2uhRpBO0oXww+oK9mtJQvh91o1NuuIOGMBceSou9qzMtGC5NzJzGnooodfwzARx1rgv9myJpcK38Sw==",
      "requires": {
        "tslib": "^1.8.0"
      }
    },
    "@aws-sdk/signature-v4": {
      "version": "0.1.0-preview.2",
      "resolved": "https://registry.npmjs.org/@aws-sdk/signature-v4/-/signature-v4-0.1.0-preview.2.tgz",
      "integrity": "sha512-h0keDnwuRN5JItF2ceZawHYRXhocDIq6eGW1k731FLEmy+vfiW1Or+96TPPHt32dLuLzEn1xSqNUdTCRijnW+Q==",
      "requires": {
        "@aws-sdk/is-array-buffer": "^0.1.0-preview.1",
        "@aws-sdk/protocol-timestamp": "^0.1.0-preview.1",
        "@aws-sdk/types": "^0.1.0-preview.1",
        "@aws-sdk/util-hex-encoding": "^0.1.0-preview.1",
        "tslib": "^1.8.0"
      }
    },
    "@aws-sdk/signing-middleware": {
      "version": "0.1.0-preview.2",
      "resolved": "https://registry.npmjs.org/@aws-sdk/signing-middleware/-/signing-middleware-0.1.0-preview.2.tgz",
      "integrity": "sha512-GS5lNVYAku0MRb/+9VGolDcryjuiy+Kx2c84FZy3VxggOfyVxfgiRZUl44Q0IzUPKvPz10soUS/bt+MZ0glU4Q==",
      "requires": {
        "@aws-sdk/signature-v4": "^0.1.0-preview.2",
        "@aws-sdk/types": "^0.1.0-preview.1",
        "tslib": "^1.8.0"
      }
    },
    "@aws-sdk/stream-collector-node": {
      "version": "0.1.0-preview.1",
      "resolved": "https://registry.npmjs.org/@aws-sdk/stream-collector-node/-/stream-collector-node-0.1.0-preview.1.tgz",
      "integrity": "sha512-HyLpd+Q9ujf24RpXBjacAO+itMxg5KHdVZ0Bo4I6WeVQVfDQhM1BeYbslk9qoEr4IMXyBoHCxE1JSBkRFvi1SA==",
      "requires": {
        "@aws-sdk/types": "^0.1.0-preview.1",
        "tslib": "^1.8.0"
      }
    },
    "@aws-sdk/types": {
      "version": "0.1.0-preview.1",
      "resolved": "https://registry.npmjs.org/@aws-sdk/types/-/types-0.1.0-preview.1.tgz",
      "integrity": "sha512-CcZpxyN2G0I7+Jyj0om3LafYX7d30JWJAAQ+53Ysjau7jyL/xLMMkLZgniQPV8BMV7uKLXyf4hwu8JSs0Ejb+w=="
    },
    "@aws-sdk/url-parser-node": {
      "version": "0.1.0-preview.1",
      "resolved": "https://registry.npmjs.org/@aws-sdk/url-parser-node/-/url-parser-node-0.1.0-preview.1.tgz",
      "integrity": "sha512-DnSo6rMcY9kktRxez2LS382eF6eDcYxmCmePl63+dIVH1sWYNN/BrUaxA8KCWneShCdVwdbr8u+48oyWUJsvEA==",
      "requires": {
        "@aws-sdk/querystring-parser": "^0.1.0-preview.1",
        "@aws-sdk/types": "^0.1.0-preview.1",
        "tslib": "^1.8.0"
      }
    },
    "@aws-sdk/util-base64-node": {
      "version": "0.1.0-preview.1",
      "resolved": "https://registry.npmjs.org/@aws-sdk/util-base64-node/-/util-base64-node-0.1.0-preview.1.tgz",
      "integrity": "sha512-EfPluf8bxq8LZpes9XxrxaEDfAilb9iqXphkR0UiLU0MWLJQaowrOjsS4lXRdSt9fXVIg3/zTyGxkDWoIM01wA==",
      "requires": {
        "@aws-sdk/util-buffer-from": "^0.1.0-preview.1",
        "tslib": "^1.8.0"
      }
    },
    "@aws-sdk/util-body-length-node": {
      "version": "0.1.0-preview.2",
      "resolved": "https://registry.npmjs.org/@aws-sdk/util-body-length-node/-/util-body-length-node-0.1.0-preview.2.tgz",
      "integrity": "sha512-7jkPuo8zJO3MQ1ELpDo1n9xtBf63g+tdtdouZkaX5iITUyDSL4t3S9vIgAK1IQvJPBjtTkXzRO3CrQKW/SakEQ==",
      "requires": {
        "tslib": "^1.8.0"
      }
    },
    "@aws-sdk/util-buffer-from": {
      "version": "0.1.0-preview.1",
      "resolved": "https://registry.npmjs.org/@aws-sdk/util-buffer-from/-/util-buffer-from-0.1.0-preview.1.tgz",
      "integrity": "sha512-i46iuFQA05+92L/epK7befgoxw6DM38LnaHjHNxRoJeIYUllZvpJst74FRCJ5UvVOaMDvHO3woWG+dY8/KVABw==",
      "requires": {
        "@aws-sdk/is-array-buffer": "^0.1.0-preview.1",
        "tslib": "^1.8.0"
      }
    },
    "@aws-sdk/util-error-constructor": {
      "version": "0.1.0-preview.1",
      "resolved": "https://registry.npmjs.org/@aws-sdk/util-error-constructor/-/util-error-constructor-0.1.0-preview.1.tgz",
      "integrity": "sha512-ckkP+yGSPSHud87EpIzS3LsZCAQHGA+b1Q9GCHn1oAJuCuFYrJQS4fVqT5GPsftUTR2C5XV8mm81HpRYfT82ow==",
      "requires": {
        "@aws-sdk/types": "^0.1.0-preview.1",
        "tslib": "^1.8.0"
      }
    },
    "@aws-sdk/util-hex-encoding": {
      "version": "0.1.0-preview.1",
      "resolved": "https://registry.npmjs.org/@aws-sdk/util-hex-encoding/-/util-hex-encoding-0.1.0-preview.1.tgz",
      "integrity": "sha512-97ZMVcJpIXwOQN2RntPimav6G5iod/QHEbqGrmaECXyjXzSrexKHRYjpQAtmJ7geZTMsofoRSdj3qZCymjn7Uw==",
      "requires": {
        "tslib": "^1.8.0"
      }
    },
    "@aws-sdk/util-uri-escape": {
      "version": "0.1.0-preview.1",
      "resolved": "https://registry.npmjs.org/@aws-sdk/util-uri-escape/-/util-uri-escape-0.1.0-preview.1.tgz",
      "integrity": "sha512-WD++5ARqUdsTI/8VHq83LYO6qdpZYFac5BM/tfKzVfnilMUIaMFGNXtWAnASacG3K2m+bklbPZ3lh+nsfpBR2w==",
      "requires": {
        "tslib": "^1.8.0"
      }
    },
    "@aws-sdk/util-user-agent-node": {
      "version": "0.1.0-preview.2",
      "resolved": "https://registry.npmjs.org/@aws-sdk/util-user-agent-node/-/util-user-agent-node-0.1.0-preview.2.tgz",
      "integrity": "sha512-Z80L29dS8u4UWHrQuDCrgVU6+NcI66yl2LzWlx45OKoRJ9pFBwMzfZ4Y6fpGiAJ3gTB6/lBnytrnqQe0gRB0CQ==",
      "requires": {
        "@aws-sdk/types": "^0.1.0-preview.1",
        "tslib": "^1.8.0"
      }
    },
    "@aws-sdk/util-utf8-node": {
      "version": "0.1.0-preview.1",
      "resolved": "https://registry.npmjs.org/@aws-sdk/util-utf8-node/-/util-utf8-node-0.1.0-preview.1.tgz",
      "integrity": "sha512-PSUsSJ0nnMPS389f0R3kIVR0BElnEb22Ofj40iO5HCtw9gZ1ot+enFdbOmW4m1e5+ED9U/Hqxqc7QhFWWF4NUQ==",
      "requires": {
        "@aws-sdk/util-buffer-from": "^0.1.0-preview.1",
        "tslib": "^1.8.0"
      }
    },
    "tslib": {
      "version": "1.10.0",
      "resolved": "https://registry.npmjs.org/tslib/-/tslib-1.10.0.tgz",
      "integrity": "sha512-qOebF53frne81cf0S9B41ByenJ3/IuH8yJKngAX35CmiZySA0khhkovshKK+jGCaMnVomla7gVlIcc3EvKPbTQ=="
    }
  }
}
